// !$*UTF8*$!
{
	archiveVersion = 1;
	classes = {
	};
	objectVersion = 56;
	objects = {

/* Begin PBXBuildFile section */
		61CE60CD29CC42DF00BE84E4 /* AppDelegate.swift in Sources */ = {isa = PBXBuildFile; fileRef = 61CE60CC29CC42DF00BE84E4 /* AppDelegate.swift */; };
		61CE60CF29CC42DF00BE84E4 /* SceneDelegate.swift in Sources */ = {isa = PBXBuildFile; fileRef = 61CE60CE29CC42DF00BE84E4 /* SceneDelegate.swift */; };
		61CE60D129CC42DF00BE84E4 /* HomeViewController.swift in Sources */ = {isa = PBXBuildFile; fileRef = 61CE60D029CC42DF00BE84E4 /* HomeViewController.swift */; };
		61CE60D629CC42E100BE84E4 /* Assets.xcassets in Resources */ = {isa = PBXBuildFile; fileRef = 61CE60D529CC42E100BE84E4 /* Assets.xcassets */; };
		61CE60D929CC42E100BE84E4 /* LaunchScreen.storyboard in Resources */ = {isa = PBXBuildFile; fileRef = 61CE60D729CC42E100BE84E4 /* LaunchScreen.storyboard */; };
		61CE60E729CC483800BE84E4 /* TabBarViewController.swift in Sources */ = {isa = PBXBuildFile; fileRef = 61CE60E629CC483800BE84E4 /* TabBarViewController.swift */; };
		61CE60E929CC487F00BE84E4 /* SearchViewController.swift in Sources */ = {isa = PBXBuildFile; fileRef = 61CE60E829CC487F00BE84E4 /* SearchViewController.swift */; };
		61CE60EB29CC48A400BE84E4 /* LibraryViewController.swift in Sources */ = {isa = PBXBuildFile; fileRef = 61CE60EA29CC48A400BE84E4 /* LibraryViewController.swift */; };
		61CE60EF29CC48F000BE84E4 /* AuthViewController.swift in Sources */ = {isa = PBXBuildFile; fileRef = 61CE60EE29CC48F000BE84E4 /* AuthViewController.swift */; };
		61CE60F129CC490100BE84E4 /* WelcomeViewController.swift in Sources */ = {isa = PBXBuildFile; fileRef = 61CE60F029CC490100BE84E4 /* WelcomeViewController.swift */; };
		61CE60F329CC491D00BE84E4 /* SettingsViewController.swift in Sources */ = {isa = PBXBuildFile; fileRef = 61CE60F229CC491D00BE84E4 /* SettingsViewController.swift */; };
		61CE60F529CC493400BE84E4 /* ProfileViewController.swift in Sources */ = {isa = PBXBuildFile; fileRef = 61CE60F429CC493400BE84E4 /* ProfileViewController.swift */; };
		61CE60F729CC494800BE84E4 /* PlayerViewController.swift in Sources */ = {isa = PBXBuildFile; fileRef = 61CE60F629CC494800BE84E4 /* PlayerViewController.swift */; };
		61CE60F929CC496C00BE84E4 /* PlaylistViewController.swift in Sources */ = {isa = PBXBuildFile; fileRef = 61CE60F829CC496C00BE84E4 /* PlaylistViewController.swift */; };
		61CE60FB29CC499000BE84E4 /* SearchResultsViewController.swift in Sources */ = {isa = PBXBuildFile; fileRef = 61CE60FA29CC499000BE84E4 /* SearchResultsViewController.swift */; };
		61CE60FD29CC49C200BE84E4 /* AuthManager.swift in Sources */ = {isa = PBXBuildFile; fileRef = 61CE60FC29CC49C200BE84E4 /* AuthManager.swift */; };
		61CE60FF29CC49D900BE84E4 /* APICaller.swift in Sources */ = {isa = PBXBuildFile; fileRef = 61CE60FE29CC49D900BE84E4 /* APICaller.swift */; };
		61CE610129CC49F200BE84E4 /* HapticsManager.swift in Sources */ = {isa = PBXBuildFile; fileRef = 61CE610029CC49F200BE84E4 /* HapticsManager.swift */; };
		61CE610329CC4A1600BE84E4 /* Playlist.swift in Sources */ = {isa = PBXBuildFile; fileRef = 61CE610229CC4A1600BE84E4 /* Playlist.swift */; };
		61CE610529CC4A3300BE84E4 /* AudioTrack.swift in Sources */ = {isa = PBXBuildFile; fileRef = 61CE610429CC4A3300BE84E4 /* AudioTrack.swift */; };
		61CE610729CC4A4D00BE84E4 /* Artist.swift in Sources */ = {isa = PBXBuildFile; fileRef = 61CE610629CC4A4D00BE84E4 /* Artist.swift */; };
		61CE610929CC4A6100BE84E4 /* UserProfile.swift in Sources */ = {isa = PBXBuildFile; fileRef = 61CE610829CC4A6100BE84E4 /* UserProfile.swift */; };
		61D92B3B29E48E5600512F00 /* Extension.swift in Sources */ = {isa = PBXBuildFile; fileRef = 61D92B3A29E48E5600512F00 /* Extension.swift */; };
/* End PBXBuildFile section */

/* Begin PBXFileReference section */
		61CE60C929CC42DF00BE84E4 /* Spotify.app */ = {isa = PBXFileReference; explicitFileType = wrapper.application; includeInIndex = 0; path = Spotify.app; sourceTree = BUILT_PRODUCTS_DIR; };
		61CE60CC29CC42DF00BE84E4 /* AppDelegate.swift */ = {isa = PBXFileReference; lastKnownFileType = sourcecode.swift; path = AppDelegate.swift; sourceTree = "<group>"; };
		61CE60CE29CC42DF00BE84E4 /* SceneDelegate.swift */ = {isa = PBXFileReference; lastKnownFileType = sourcecode.swift; path = SceneDelegate.swift; sourceTree = "<group>"; };
		61CE60D029CC42DF00BE84E4 /* HomeViewController.swift */ = {isa = PBXFileReference; lastKnownFileType = sourcecode.swift; path = HomeViewController.swift; sourceTree = "<group>"; };
		61CE60D529CC42E100BE84E4 /* Assets.xcassets */ = {isa = PBXFileReference; lastKnownFileType = folder.assetcatalog; path = Assets.xcassets; sourceTree = "<group>"; };
		61CE60D829CC42E100BE84E4 /* Base */ = {isa = PBXFileReference; lastKnownFileType = file.storyboard; name = Base; path = Base.lproj/LaunchScreen.storyboard; sourceTree = "<group>"; };
		61CE60DA29CC42E100BE84E4 /* Info.plist */ = {isa = PBXFileReference; lastKnownFileType = text.plist.xml; path = Info.plist; sourceTree = "<group>"; };
		61CE60E629CC483800BE84E4 /* TabBarViewController.swift */ = {isa = PBXFileReference; lastKnownFileType = sourcecode.swift; path = TabBarViewController.swift; sourceTree = "<group>"; };
		61CE60E829CC487F00BE84E4 /* SearchViewController.swift */ = {isa = PBXFileReference; lastKnownFileType = sourcecode.swift; path = SearchViewController.swift; sourceTree = "<group>"; };
		61CE60EA29CC48A400BE84E4 /* LibraryViewController.swift */ = {isa = PBXFileReference; lastKnownFileType = sourcecode.swift; path = LibraryViewController.swift; sourceTree = "<group>"; };
		61CE60EE29CC48F000BE84E4 /* AuthViewController.swift */ = {isa = PBXFileReference; lastKnownFileType = sourcecode.swift; path = AuthViewController.swift; sourceTree = "<group>"; };
		61CE60F029CC490100BE84E4 /* WelcomeViewController.swift */ = {isa = PBXFileReference; lastKnownFileType = sourcecode.swift; path = WelcomeViewController.swift; sourceTree = "<group>"; };
		61CE60F229CC491D00BE84E4 /* SettingsViewController.swift */ = {isa = PBXFileReference; lastKnownFileType = sourcecode.swift; path = SettingsViewController.swift; sourceTree = "<group>"; };
		61CE60F429CC493400BE84E4 /* ProfileViewController.swift */ = {isa = PBXFileReference; lastKnownFileType = sourcecode.swift; path = ProfileViewController.swift; sourceTree = "<group>"; };
		61CE60F629CC494800BE84E4 /* PlayerViewController.swift */ = {isa = PBXFileReference; lastKnownFileType = sourcecode.swift; path = PlayerViewController.swift; sourceTree = "<group>"; };
		61CE60F829CC496C00BE84E4 /* PlaylistViewController.swift */ = {isa = PBXFileReference; lastKnownFileType = sourcecode.swift; path = PlaylistViewController.swift; sourceTree = "<group>"; };
		61CE60FA29CC499000BE84E4 /* SearchResultsViewController.swift */ = {isa = PBXFileReference; lastKnownFileType = sourcecode.swift; path = SearchResultsViewController.swift; sourceTree = "<group>"; };
		61CE60FC29CC49C200BE84E4 /* AuthManager.swift */ = {isa = PBXFileReference; lastKnownFileType = sourcecode.swift; path = AuthManager.swift; sourceTree = "<group>"; };
		61CE60FE29CC49D900BE84E4 /* APICaller.swift */ = {isa = PBXFileReference; lastKnownFileType = sourcecode.swift; path = APICaller.swift; sourceTree = "<group>"; };
		61CE610029CC49F200BE84E4 /* HapticsManager.swift */ = {isa = PBXFileReference; lastKnownFileType = sourcecode.swift; path = HapticsManager.swift; sourceTree = "<group>"; };
		61CE610229CC4A1600BE84E4 /* Playlist.swift */ = {isa = PBXFileReference; lastKnownFileType = sourcecode.swift; path = Playlist.swift; sourceTree = "<group>"; };
		61CE610429CC4A3300BE84E4 /* AudioTrack.swift */ = {isa = PBXFileReference; lastKnownFileType = sourcecode.swift; path = AudioTrack.swift; sourceTree = "<group>"; };
		61CE610629CC4A4D00BE84E4 /* Artist.swift */ = {isa = PBXFileReference; lastKnownFileType = sourcecode.swift; path = Artist.swift; sourceTree = "<group>"; };
		61CE610829CC4A6100BE84E4 /* UserProfile.swift */ = {isa = PBXFileReference; lastKnownFileType = sourcecode.swift; path = UserProfile.swift; sourceTree = "<group>"; };
		61D92B3A29E48E5600512F00 /* Extension.swift */ = {isa = PBXFileReference; lastKnownFileType = sourcecode.swift; path = Extension.swift; sourceTree = "<group>"; };
/* End PBXFileReference section */

/* Begin PBXFrameworksBuildPhase section */
		61CE60C629CC42DF00BE84E4 /* Frameworks */ = {
			isa = PBXFrameworksBuildPhase;
			buildActionMask = 2147483647;
			files = (
			);
			runOnlyForDeploymentPostprocessing = 0;
		};
/* End PBXFrameworksBuildPhase section */

/* Begin PBXGroup section */
		61CE60C029CC42DF00BE84E4 = {
			isa = PBXGroup;
			children = (
				61CE60CB29CC42DF00BE84E4 /* Spotify */,
				61CE60CA29CC42DF00BE84E4 /* Products */,
			);
			sourceTree = "<group>";
		};
		61CE60CA29CC42DF00BE84E4 /* Products */ = {
			isa = PBXGroup;
			children = (
				61CE60C929CC42DF00BE84E4 /* Spotify.app */,
			);
			name = Products;
			sourceTree = "<group>";
		};
		61CE60CB29CC42DF00BE84E4 /* Spotify */ = {
			isa = PBXGroup;
			children = (
				61CE60E529CC436000BE84E4 /* Resources */,
				61CE60E429CC435800BE84E4 /* Managers */,
				61CE60E329CC434B00BE84E4 /* ViewModels */,
				61CE60E229CC434500BE84E4 /* Models */,
				61CE60E029CC433800BE84E4 /* Views */,
				61CE60E129CC433E00BE84E4 /* Controllers */,
				61CE60DA29CC42E100BE84E4 /* Info.plist */,
			);
			path = Spotify;
			sourceTree = "<group>";
		};
		61CE60E029CC433800BE84E4 /* Views */ = {
			isa = PBXGroup;
			children = (
				61CE60D729CC42E100BE84E4 /* LaunchScreen.storyboard */,
			);
			path = Views;
			sourceTree = "<group>";
		};
		61CE60E129CC433E00BE84E4 /* Controllers */ = {
			isa = PBXGroup;
			children = (
				61CE60ED29CC48D100BE84E4 /* Other */,
				61CE60EC29CC48B400BE84E4 /* Core */,
			);
			path = Controllers;
			sourceTree = "<group>";
		};
		61CE60E229CC434500BE84E4 /* Models */ = {
			isa = PBXGroup;
			children = (
				61CE610229CC4A1600BE84E4 /* Playlist.swift */,
				61CE610429CC4A3300BE84E4 /* AudioTrack.swift */,
				61CE610629CC4A4D00BE84E4 /* Artist.swift */,
				61CE610829CC4A6100BE84E4 /* UserProfile.swift */,
			);
			path = Models;
			sourceTree = "<group>";
		};
		61CE60E329CC434B00BE84E4 /* ViewModels */ = {
			isa = PBXGroup;
			children = (
			);
			path = ViewModels;
			sourceTree = "<group>";
		};
		61CE60E429CC435800BE84E4 /* Managers */ = {
			isa = PBXGroup;
			children = (
				61CE60FC29CC49C200BE84E4 /* AuthManager.swift */,
				61CE60FE29CC49D900BE84E4 /* APICaller.swift */,
				61CE610029CC49F200BE84E4 /* HapticsManager.swift */,
			);
			path = Managers;
			sourceTree = "<group>";
		};
		61CE60E529CC436000BE84E4 /* Resources */ = {
			isa = PBXGroup;
			children = (
				61CE60CC29CC42DF00BE84E4 /* AppDelegate.swift */,
				61CE60CE29CC42DF00BE84E4 /* SceneDelegate.swift */,
				61CE60D529CC42E100BE84E4 /* Assets.xcassets */,
				61D92B3A29E48E5600512F00 /* Extension.swift */,
			);
			path = Resources;
			sourceTree = "<group>";
		};
		61CE60EC29CC48B400BE84E4 /* Core */ = {
			isa = PBXGroup;
			children = (
				61CE60E629CC483800BE84E4 /* TabBarViewController.swift */,
				61CE60D029CC42DF00BE84E4 /* HomeViewController.swift */,
				61CE60E829CC487F00BE84E4 /* SearchViewController.swift */,
				61CE60EA29CC48A400BE84E4 /* LibraryViewController.swift */,
			);
			path = Core;
			sourceTree = "<group>";
		};
		61CE60ED29CC48D100BE84E4 /* Other */ = {
			isa = PBXGroup;
			children = (
				61CE60EE29CC48F000BE84E4 /* AuthViewController.swift */,
				61CE60F029CC490100BE84E4 /* WelcomeViewController.swift */,
				61CE60F229CC491D00BE84E4 /* SettingsViewController.swift */,
				61CE60F429CC493400BE84E4 /* ProfileViewController.swift */,
				61CE60F629CC494800BE84E4 /* PlayerViewController.swift */,
				61CE60F829CC496C00BE84E4 /* PlaylistViewController.swift */,
				61CE60FA29CC499000BE84E4 /* SearchResultsViewController.swift */,
			);
			path = Other;
			sourceTree = "<group>";
		};
/* End PBXGroup section */

/* Begin PBXNativeTarget section */
		61CE60C829CC42DF00BE84E4 /* Spotify */ = {
			isa = PBXNativeTarget;
			buildConfigurationList = 61CE60DD29CC42E100BE84E4 /* Build configuration list for PBXNativeTarget "Spotify" */;
			buildPhases = (
				61CE60C529CC42DF00BE84E4 /* Sources */,
				61CE60C629CC42DF00BE84E4 /* Frameworks */,
				61CE60C729CC42DF00BE84E4 /* Resources */,
			);
			buildRules = (
			);
			dependencies = (
			);
			name = Spotify;
			productName = Spotify;
			productReference = 61CE60C929CC42DF00BE84E4 /* Spotify.app */;
			productType = "com.apple.product-type.application";
		};
/* End PBXNativeTarget section */

/* Begin PBXProject section */
		61CE60C129CC42DF00BE84E4 /* Project object */ = {
			isa = PBXProject;
			attributes = {
				BuildIndependentTargetsInParallel = 1;
				LastSwiftUpdateCheck = 1410;
				LastUpgradeCheck = 1410;
				TargetAttributes = {
					61CE60C829CC42DF00BE84E4 = {
						CreatedOnToolsVersion = 14.1;
					};
				};
			};
			buildConfigurationList = 61CE60C429CC42DF00BE84E4 /* Build configuration list for PBXProject "Spotify" */;
			compatibilityVersion = "Xcode 14.0";
			developmentRegion = en;
			hasScannedForEncodings = 0;
			knownRegions = (
				en,
				Base,
			);
			mainGroup = 61CE60C029CC42DF00BE84E4;
			productRefGroup = 61CE60CA29CC42DF00BE84E4 /* Products */;
			projectDirPath = "";
			projectRoot = "";
			targets = (
				61CE60C829CC42DF00BE84E4 /* Spotify */,
			);
		};
/* End PBXProject section */

/* Begin PBXResourcesBuildPhase section */
		61CE60C729CC42DF00BE84E4 /* Resources */ = {
			isa = PBXResourcesBuildPhase;
			buildActionMask = 2147483647;
			files = (
				61CE60D929CC42E100BE84E4 /* LaunchScreen.storyboard in Resources */,
				61CE60D629CC42E100BE84E4 /* Assets.xcassets in Resources */,
			);
			runOnlyForDeploymentPostprocessing = 0;
		};
/* End PBXResourcesBuildPhase section */

/* Begin PBXSourcesBuildPhase section */
		61CE60C529CC42DF00BE84E4 /* Sources */ = {
			isa = PBXSourcesBuildPhase;
			buildActionMask = 2147483647;
			files = (
				61CE60E929CC487F00BE84E4 /* SearchViewController.swift in Sources */,
				61CE610329CC4A1600BE84E4 /* Playlist.swift in Sources */,
				61CE60FD29CC49C200BE84E4 /* AuthManager.swift in Sources */,
				61CE60FB29CC499000BE84E4 /* SearchResultsViewController.swift in Sources */,
				61CE60F129CC490100BE84E4 /* WelcomeViewController.swift in Sources */,
				61CE60F529CC493400BE84E4 /* ProfileViewController.swift in Sources */,
				61CE60E729CC483800BE84E4 /* TabBarViewController.swift in Sources */,
				61CE610129CC49F200BE84E4 /* HapticsManager.swift in Sources */,
				61CE610529CC4A3300BE84E4 /* AudioTrack.swift in Sources */,
				61D92B3B29E48E5600512F00 /* Extension.swift in Sources */,
				61CE60D129CC42DF00BE84E4 /* HomeViewController.swift in Sources */,
				61CE60EF29CC48F000BE84E4 /* AuthViewController.swift in Sources */,
				61CE60CD29CC42DF00BE84E4 /* AppDelegate.swift in Sources */,
				61CE610929CC4A6100BE84E4 /* UserProfile.swift in Sources */,
				61CE60EB29CC48A400BE84E4 /* LibraryViewController.swift in Sources */,
				61CE610729CC4A4D00BE84E4 /* Artist.swift in Sources */,
				61CE60F929CC496C00BE84E4 /* PlaylistViewController.swift in Sources */,
				61CE60CF29CC42DF00BE84E4 /* SceneDelegate.swift in Sources */,
				61CE60F729CC494800BE84E4 /* PlayerViewController.swift in Sources */,
				61CE60FF29CC49D900BE84E4 /* APICaller.swift in Sources */,
				61CE60F329CC491D00BE84E4 /* SettingsViewController.swift in Sources */,
			);
			runOnlyForDeploymentPostprocessing = 0;
		};
/* End PBXSourcesBuildPhase section */

/* Begin PBXVariantGroup section */
		61CE60D729CC42E100BE84E4 /* LaunchScreen.storyboard */ = {
			isa = PBXVariantGroup;
			children = (
				61CE60D829CC42E100BE84E4 /* Base */,
			);
			name = LaunchScreen.storyboard;
			sourceTree = "<group>";
		};
/* End PBXVariantGroup section */

/* Begin XCBuildConfiguration section */
		61CE60DB29CC42E100BE84E4 /* Debug */ = {
			isa = XCBuildConfiguration;
			buildSettings = {
				ALWAYS_SEARCH_USER_PATHS = NO;
				CLANG_ANALYZER_NONNULL = YES;
				CLANG_ANALYZER_NUMBER_OBJECT_CONVERSION = YES_AGGRESSIVE;
				CLANG_CXX_LANGUAGE_STANDARD = "gnu++20";
				CLANG_ENABLE_MODULES = YES;
				CLANG_ENABLE_OBJC_ARC = YES;
				CLANG_ENABLE_OBJC_WEAK = YES;
				CLANG_WARN_BLOCK_CAPTURE_AUTORELEASING = YES;
				CLANG_WARN_BOOL_CONVERSION = YES;
				CLANG_WARN_COMMA = YES;
				CLANG_WARN_CONSTANT_CONVERSION = YES;
				CLANG_WARN_DEPRECATED_OBJC_IMPLEMENTATIONS = YES;
				CLANG_WARN_DIRECT_OBJC_ISA_USAGE = YES_ERROR;
				CLANG_WARN_DOCUMENTATION_COMMENTS = YES;
				CLANG_WARN_EMPTY_BODY = YES;
				CLANG_WARN_ENUM_CONVERSION = YES;
				CLANG_WARN_INFINITE_RECURSION = YES;
				CLANG_WARN_INT_CONVERSION = YES;
				CLANG_WARN_NON_LITERAL_NULL_CONVERSION = YES;
				CLANG_WARN_OBJC_IMPLICIT_RETAIN_SELF = YES;
				CLANG_WARN_OBJC_LITERAL_CONVERSION = YES;
				CLANG_WARN_OBJC_ROOT_CLASS = YES_ERROR;
				CLANG_WARN_QUOTED_INCLUDE_IN_FRAMEWORK_HEADER = YES;
				CLANG_WARN_RANGE_LOOP_ANALYSIS = YES;
				CLANG_WARN_STRICT_PROTOTYPES = YES;
				CLANG_WARN_SUSPICIOUS_MOVE = YES;
				CLANG_WARN_UNGUARDED_AVAILABILITY = YES_AGGRESSIVE;
				CLANG_WARN_UNREACHABLE_CODE = YES;
				CLANG_WARN__DUPLICATE_METHOD_MATCH = YES;
				COPY_PHASE_STRIP = NO;
				DEBUG_INFORMATION_FORMAT = dwarf;
				ENABLE_STRICT_OBJC_MSGSEND = YES;
				ENABLE_TESTABILITY = YES;
				GCC_C_LANGUAGE_STANDARD = gnu11;
				GCC_DYNAMIC_NO_PIC = NO;
				GCC_NO_COMMON_BLOCKS = YES;
				GCC_OPTIMIZATION_LEVEL = 0;
				GCC_PREPROCESSOR_DEFINITIONS = (
					"DEBUG=1",
					"$(inherited)",
				);
				GCC_WARN_64_TO_32_BIT_CONVERSION = YES;
				GCC_WARN_ABOUT_RETURN_TYPE = YES_ERROR;
				GCC_WARN_UNDECLARED_SELECTOR = YES;
				GCC_WARN_UNINITIALIZED_AUTOS = YES_AGGRESSIVE;
				GCC_WARN_UNUSED_FUNCTION = YES;
				GCC_WARN_UNUSED_VARIABLE = YES;
				IPHONEOS_DEPLOYMENT_TARGET = 16.1;
				MTL_ENABLE_DEBUG_INFO = INCLUDE_SOURCE;
				MTL_FAST_MATH = YES;
				ONLY_ACTIVE_ARCH = YES;
				SDKROOT = iphoneos;
				SWIFT_ACTIVE_COMPILATION_CONDITIONS = DEBUG;
				SWIFT_OPTIMIZATION_LEVEL = "-Onone";
			};
			name = Debug;
		};
		61CE60DC29CC42E100BE84E4 /* Release */ = {
			isa = XCBuildConfiguration;
			buildSettings = {
				ALWAYS_SEARCH_USER_PATHS = NO;
				CLANG_ANALYZER_NONNULL = YES;
				CLANG_ANALYZER_NUMBER_OBJECT_CONVERSION = YES_AGGRESSIVE;
				CLANG_CXX_LANGUAGE_STANDARD = "gnu++20";
				CLANG_ENABLE_MODULES = YES;
				CLANG_ENABLE_OBJC_ARC = YES;
				CLANG_ENABLE_OBJC_WEAK = YES;
				CLANG_WARN_BLOCK_CAPTURE_AUTORELEASING = YES;
				CLANG_WARN_BOOL_CONVERSION = YES;
				CLANG_WARN_COMMA = YES;
				CLANG_WARN_CONSTANT_CONVERSION = YES;
				CLANG_WARN_DEPRECATED_OBJC_IMPLEMENTATIONS = YES;
				CLANG_WARN_DIRECT_OBJC_ISA_USAGE = YES_ERROR;
				CLANG_WARN_DOCUMENTATION_COMMENTS = YES;
				CLANG_WARN_EMPTY_BODY = YES;
				CLANG_WARN_ENUM_CONVERSION = YES;
				CLANG_WARN_INFINITE_RECURSION = YES;
				CLANG_WARN_INT_CONVERSION = YES;
				CLANG_WARN_NON_LITERAL_NULL_CONVERSION = YES;
				CLANG_WARN_OBJC_IMPLICIT_RETAIN_SELF = YES;
				CLANG_WARN_OBJC_LITERAL_CONVERSION = YES;
				CLANG_WARN_OBJC_ROOT_CLASS = YES_ERROR;
				CLANG_WARN_QUOTED_INCLUDE_IN_FRAMEWORK_HEADER = YES;
				CLANG_WARN_RANGE_LOOP_ANALYSIS = YES;
				CLANG_WARN_STRICT_PROTOTYPES = YES;
				CLANG_WARN_SUSPICIOUS_MOVE = YES;
				CLANG_WARN_UNGUARDED_AVAILABILITY = YES_AGGRESSIVE;
				CLANG_WARN_UNREACHABLE_CODE = YES;
				CLANG_WARN__DUPLICATE_METHOD_MATCH = YES;
				COPY_PHASE_STRIP = NO;
				DEBUG_INFORMATION_FORMAT = "dwarf-with-dsym";
				ENABLE_NS_ASSERTIONS = NO;
				ENABLE_STRICT_OBJC_MSGSEND = YES;
				GCC_C_LANGUAGE_STANDARD = gnu11;
				GCC_NO_COMMON_BLOCKS = YES;
				GCC_WARN_64_TO_32_BIT_CONVERSION = YES;
				GCC_WARN_ABOUT_RETURN_TYPE = YES_ERROR;
				GCC_WARN_UNDECLARED_SELECTOR = YES;
				GCC_WARN_UNINITIALIZED_AUTOS = YES_AGGRESSIVE;
				GCC_WARN_UNUSED_FUNCTION = YES;
				GCC_WARN_UNUSED_VARIABLE = YES;
				IPHONEOS_DEPLOYMENT_TARGET = 16.1;
				MTL_ENABLE_DEBUG_INFO = NO;
				MTL_FAST_MATH = YES;
				SDKROOT = iphoneos;
				SWIFT_COMPILATION_MODE = wholemodule;
				SWIFT_OPTIMIZATION_LEVEL = "-O";
				VALIDATE_PRODUCT = YES;
			};
			name = Release;
		};
		61CE60DE29CC42E100BE84E4 /* Debug */ = {
			isa = XCBuildConfiguration;
			buildSettings = {
				ASSETCATALOG_COMPILER_APPICON_NAME = AppIcon;
				ASSETCATALOG_COMPILER_GLOBAL_ACCENT_COLOR_NAME = AccentColor;
				CODE_SIGN_STYLE = Automatic;
				CURRENT_PROJECT_VERSION = 1;
				DEVELOPMENT_TEAM = AVC9NB9GLX;
				GENERATE_INFOPLIST_FILE = YES;
				INFOPLIST_FILE = Spotify/Info.plist;
				INFOPLIST_KEY_UIApplicationSupportsIndirectInputEvents = YES;
				INFOPLIST_KEY_UILaunchStoryboardName = LaunchScreen;
				INFOPLIST_KEY_UISupportedInterfaceOrientations_iPad = "UIInterfaceOrientationPortrait UIInterfaceOrientationPortraitUpsideDown UIInterfaceOrientationLandscapeLeft UIInterfaceOrientationLandscapeRight";
				INFOPLIST_KEY_UISupportedInterfaceOrientations_iPhone = "UIInterfaceOrientationPortrait UIInterfaceOrientationLandscapeLeft UIInterfaceOrientationLandscapeRight";
				LD_RUNPATH_SEARCH_PATHS = (
					"$(inherited)",
					"@executable_path/Frameworks",
				);
				MARKETING_VERSION = 1.0;
				PRODUCT_BUNDLE_IDENTIFIER = "ivanenko2010-gmail.com.Spotify";
				PRODUCT_NAME = "$(TARGET_NAME)";
				SWIFT_EMIT_LOC_STRINGS = YES;
				SWIFT_VERSION = 5.0;
				TARGETED_DEVICE_FAMILY = "1,2";
			};
			name = Debug;
		};
		61CE60DF29CC42E100BE84E4 /* Release */ = {
			isa = XCBuildConfiguration;
			buildSettings = {
				ASSETCATALOG_COMPILER_APPICON_NAME = AppIcon;
				ASSETCATALOG_COMPILER_GLOBAL_ACCENT_COLOR_NAME = AccentColor;
				CODE_SIGN_STYLE = Automatic;
				CURRENT_PROJECT_VERSION = 1;
				DEVELOPMENT_TEAM = AVC9NB9GLX;
				GENERATE_INFOPLIST_FILE = YES;
				INFOPLIST_FILE = Spotify/Info.plist;
				INFOPLIST_KEY_UIApplicationSupportsIndirectInputEvents = YES;
				INFOPLIST_KEY_UILaunchStoryboardName = LaunchScreen;
				INFOPLIST_KEY_UISupportedInterfaceOrientations_iPad = "UIInterfaceOrientationPortrait UIInterfaceOrientationPortraitUpsideDown UIInterfaceOrientationLandscapeLeft UIInterfaceOrientationLandscapeRight";
				INFOPLIST_KEY_UISupportedInterfaceOrientations_iPhone = "UIInterfaceOrientationPortrait UIInterfaceOrientationLandscapeLeft UIInterfaceOrientationLandscapeRight";
				LD_RUNPATH_SEARCH_PATHS = (
					"$(inherited)",
					"@executable_path/Frameworks",
				);
				MARKETING_VERSION = 1.0;
				PRODUCT_BUNDLE_IDENTIFIER = "ivanenko2010-gmail.com.Spotify";
				PRODUCT_NAME = "$(TARGET_NAME)";
				SWIFT_EMIT_LOC_STRINGS = YES;
				SWIFT_VERSION = 5.0;
				TARGETED_DEVICE_FAMILY = "1,2";
			};
			name = Release;
		};
/* End XCBuildConfiguration section */

/* Begin XCConfigurationList section */
		61CE60C429CC42DF00BE84E4 /* Build configuration list for PBXProject "Spotify" */ = {
			isa = XCConfigurationList;
			buildConfigurations = (
				61CE60DB29CC42E100BE84E4 /* Debug */,
				61CE60DC29CC42E100BE84E4 /* Release */,
			);
			defaultConfigurationIsVisible = 0;
			defaultConfigurationName = Release;
		};
		61CE60DD29CC42E100BE84E4 /* Build configuration list for PBXNativeTarget "Spotify" */ = {
			isa = XCConfigurationList;
			buildConfigurations = (
				61CE60DE29CC42E100BE84E4 /* Debug */,
				61CE60DF29CC42E100BE84E4 /* Release */,
			);
			defaultConfigurationIsVisible = 0;
			defaultConfigurationName = Release;
		};
/* End XCConfigurationList section */
	};
	rootObject = 61CE60C129CC42DF00BE84E4 /* Project object */;
}
